
Microsoft Visual Studio Solution File, Format Version 12.00
Project("{FAE04EC0-301F-11D3-BF4B-00C04F79EFBC}") = "SerialIO", "SerialIO\SerialIO.csproj", "{C11D22C6-FA38-4344-947F-0DAC528FB05C}"
EndProject
Project("{FAE04EC0-301F-11D3-BF4B-00C04F79EFBC}") = "SerialIO.ConsoleApp", "SerialIO.ConsoleApp\SerialIO.ConsoleApp.csproj", "{E06CCEC7-2499-460C-A172-84B6D4615BC4}"
EndProject
Global
	GlobalSection(SolutionConfigurationPlatforms) = preSolution
		Debug|Any CPU = Debug|Any CPU
		Release|Any CPU = Release|Any CPU
	EndGlobalSection
	GlobalSection(ProjectConfigurationPlatforms) = postSolution
		{C11D22C6-FA38-4344-947F-0DAC528FB05C}.Debug|Any CPU.ActiveCfg = Debug|Any CPU
		{C11D22C6-FA38-4344-947F-0DAC528FB05C}.Debug|Any CPU.Build.0 = Debug|Any CPU
		{C11D22C6-FA38-4344-947F-0DAC528FB05C}.Release|Any CPU.ActiveCfg = Release|Any CPU
		{C11D22C6-FA38-4344-947F-0DAC528FB05C}.Release|Any CPU.Build.0 = Release|Any CPU
		{E06CCEC7-2499-460C-A172-84B6D4615BC4}.Debug|Any CPU.ActiveCfg = Debug|Any CPU
		{E06CCEC7-2499-460C-A172-84B6D4615BC4}.Debug|Any CPU.Build.0 = Debug|Any CPU
		{E06CCEC7-2499-460C-A172-84B6D4615BC4}.Release|Any CPU.ActiveCfg = Release|Any CPU
		{E06CCEC7-2499-460C-A172-84B6D4615BC4}.Release|Any CPU.Build.0 = Release|Any CPU
	EndGlobalSection
EndGlobal
